
Microsoft Visual Studio Solution File, Format Version 12.00
# Visual Studio 15
Project("{FAE04EC0-301F-11D3-BF4B-00C04F79EFBC}") = "Goku", "Assembly-CSharp.csproj", "{215FA46A-B299-6CC1-1F1D-FF5C21C32FCA}"
EndProject
Global
	GlobalSection(SolutionConfigurationPlatforms) = preSolution
		Debug|Any CPU = Debug|Any CPU
		Release|Any CPU = Release|Any CPU
	EndGlobalSection
	GlobalSection(ProjectConfigurationPlatforms) = postSolution
		{215FA46A-B299-6CC1-1F1D-FF5C21C32FCA}.Debug|Any CPU.ActiveCfg = Debug|Any CPU
		{215FA46A-B299-6CC1-1F1D-FF5C21C32FCA}.Debug|Any CPU.Build.0 = Debug|Any CPU
		{215FA46A-B299-6CC1-1F1D-FF5C21C32FCA}.Release|Any CPU.ActiveCfg = Release|Any CPU
		{215FA46A-B299-6CC1-1F1D-FF5C21C32FCA}.Release|Any CPU.Build.0 = Release|Any CPU
	EndGlobalSection
	GlobalSection(SolutionProperties) = preSolution
		HideSolutionNode = FALSE
	EndGlobalSection
EndGlobal
